
Microsoft Visual Studio Solution File, Format Version 12.00
# Visual Studio Version 17
VisualStudioVersion = 17.4.33213.308
MinimumVisualStudioVersion = 10.0.40219.1
Project("{FAE04EC0-301F-11D3-BF4B-00C04F79EFBC}") = "heath_test1", "heath_test1\heath_test1.csproj", "{CEB5C478-FD08-4611-BDDD-222A067A51F1}"
EndProject
Global
	GlobalSection(SolutionConfigurationPlatforms) = preSolution
		Debug|Any CPU = Debug|Any CPU
		Release|Any CPU = Release|Any CPU
	EndGlobalSection
	GlobalSection(ProjectConfigurationPlatforms) = postSolution
		{CEB5C478-FD08-4611-BDDD-222A067A51F1}.Debug|Any CPU.ActiveCfg = Debug|Any CPU
		{CEB5C478-FD08-4611-BDDD-222A067A51F1}.Debug|Any CPU.Build.0 = Debug|Any CPU
		{CEB5C478-FD08-4611-BDDD-222A067A51F1}.Release|Any CPU.ActiveCfg = Release|Any CPU
		{CEB5C478-FD08-4611-BDDD-222A067A51F1}.Release|Any CPU.Build.0 = Release|Any CPU
	EndGlobalSection
	GlobalSection(SolutionProperties) = preSolution
		HideSolutionNode = FALSE
	EndGlobalSection
	GlobalSection(ExtensibilityGlobals) = postSolution
		SolutionGuid = {F27540AB-74C6-4707-96FC-474D0FABF42A}
	EndGlobalSection
EndGlobal
